
Microsoft Visual Studio Solution File, Format Version 11.00
# Visual Studio 2010
Project("{FAE04EC0-301F-11D3-BF4B-00C04F79EFBC}") = "HFFramework", "Assembly-CSharp.csproj", "{37EF6869-2825-C116-7DBA-4ADDF051AA8D}"
EndProject
Project("{FAE04EC0-301F-11D3-BF4B-00C04F79EFBC}") = "HFFramework", "Assembly-CSharp-Editor.csproj", "{39E214BC-C6A7-A279-33CA-C1C242FE1966}"
EndProject
Global
	GlobalSection(SolutionConfigurationPlatforms) = preSolution
		Debug|Any CPU = Debug|Any CPU
		Release|Any CPU = Release|Any CPU
	EndGlobalSection
	GlobalSection(ProjectConfigurationPlatforms) = postSolution
		{37EF6869-2825-C116-7DBA-4ADDF051AA8D}.Debug|Any CPU.ActiveCfg = Debug|Any CPU
		{37EF6869-2825-C116-7DBA-4ADDF051AA8D}.Debug|Any CPU.Build.0 = Debug|Any CPU
		{37EF6869-2825-C116-7DBA-4ADDF051AA8D}.Release|Any CPU.ActiveCfg = Release|Any CPU
		{37EF6869-2825-C116-7DBA-4ADDF051AA8D}.Release|Any CPU.Build.0 = Release|Any CPU
		{39E214BC-C6A7-A279-33CA-C1C242FE1966}.Debug|Any CPU.ActiveCfg = Debug|Any CPU
		{39E214BC-C6A7-A279-33CA-C1C242FE1966}.Debug|Any CPU.Build.0 = Debug|Any CPU
		{39E214BC-C6A7-A279-33CA-C1C242FE1966}.Release|Any CPU.ActiveCfg = Release|Any CPU
		{39E214BC-C6A7-A279-33CA-C1C242FE1966}.Release|Any CPU.Build.0 = Release|Any CPU
	EndGlobalSection
	GlobalSection(SolutionProperties) = preSolution
		HideSolutionNode = FALSE
	EndGlobalSection
	GlobalSection(MonoDevelopProperties) = preSolution
		StartupItem = Assembly-CSharp.csproj
	EndGlobalSection
EndGlobal
